
Microsoft Visual Studio Solution File, Format Version 12.00
# Visual Studio Version 16
VisualStudioVersion = 16.0.35130.168
MinimumVisualStudioVersion = 10.0.40219.1
Project("{FAE04EC0-301F-11D3-BF4B-00C04F79EFBC}") = "Application", "Codes\Application.csproj", "{0C5A348B-3532-4BC8-83B9-3E8B8D22AA04}"
EndProject
Global
	GlobalSection(SolutionConfigurationPlatforms) = preSolution
		Debug|Any CPU = Debug|Any CPU
		Release|Any CPU = Release|Any CPU
	EndGlobalSection
	GlobalSection(ProjectConfigurationPlatforms) = postSolution
		{0C5A348B-3532-4BC8-83B9-3E8B8D22AA04}.Debug|Any CPU.ActiveCfg = Debug|Any CPU
		{0C5A348B-3532-4BC8-83B9-3E8B8D22AA04}.Debug|Any CPU.Build.0 = Debug|Any CPU
		{0C5A348B-3532-4BC8-83B9-3E8B8D22AA04}.Release|Any CPU.ActiveCfg = Release|Any CPU
		{0C5A348B-3532-4BC8-83B9-3E8B8D22AA04}.Release|Any CPU.Build.0 = Release|Any CPU
	EndGlobalSection
	GlobalSection(SolutionProperties) = preSolution
		HideSolutionNode = FALSE
	EndGlobalSection
	GlobalSection(ExtensibilityGlobals) = postSolution
		SolutionGuid = {AE84E94D-614C-4900-9711-6FCCA5F6A96A}
	EndGlobalSection
EndGlobal
